
Microsoft Visual Studio Solution File, Format Version 12.00
# Visual Studio Version 17
VisualStudioVersion = 17.3.32804.467
MinimumVisualStudioVersion = 10.0.40219.1
Project("{2150E333-8FDC-42A3-9474-1A3956D46DE8}") = "vesa", "vesa", "{2D9B489F-08CF-4B00-A125-FA4F75EEC7E6}"
EndProject
Project("{2150E333-8FDC-42A3-9474-1A3956D46DE8}") = "eShop.Ordering", "eShop.Ordering", "{FBC8D3D6-A776-4D75-81D6-7A29BD36F075}"
EndProject
Project("{2150E333-8FDC-42A3-9474-1A3956D46DE8}") = "Inquiry", "Inquiry", "{A0A3951B-C220-4A4C-BB3A-EA3B4AB41309}"
EndProject
Project("{2150E333-8FDC-42A3-9474-1A3956D46DE8}") = "Management", "Management", "{E96B994B-2E31-455D-A31C-22776846646A}"
EndProject
Project("{2150E333-8FDC-42A3-9474-1A3956D46DE8}") = "Data", "Data", "{A0BC7E02-DA59-48C8-A285-DD44B7448A72}"
EndProject
Project("{9A19103F-16F7-4668-BE54-9A1E7A4F7556}") = "eShop.Ordering.Inquiry.Service", "Inquiry\Service\eShop.Ordering.Inquiry.Service.csproj", "{FAB1DC85-5B35-481F-9A9A-3EC35E195013}"
EndProject
Project("{9A19103F-16F7-4668-BE54-9A1E7A4F7556}") = "eShop.Ordering.Data", "Data\eShop.Ordering.Data.csproj", "{0A1D8AE7-74F8-4966-AEC5-AA1B2833D13F}"
EndProject
Project("{9A19103F-16F7-4668-BE54-9A1E7A4F7556}") = "eShop.Ordering.Management.API", "Management\API\eShop.Ordering.Management.API.csproj", "{B94F412C-E228-4F36-AD8E-B3B6653A1943}"
EndProject
Project("{9A19103F-16F7-4668-BE54-9A1E7A4F7556}") = "eShop.Ordering.Management.Service", "Management\Service\eShop.Ordering.Management.Service.csproj", "{E7FBB91D-70B0-47A9-9AC9-7D40DB1128D5}"
EndProject
Project("{9A19103F-16F7-4668-BE54-9A1E7A4F7556}") = "eShop.Ordering.Inquiry.API", "Inquiry\API\eShop.Ordering.Inquiry.API.csproj", "{17C697E4-E915-4A6E-AB84-D0A24D1F0739}"
EndProject
Project("{9A19103F-16F7-4668-BE54-9A1E7A4F7556}") = "eShop.Ordering.Inquiry.Worker", "Inquiry\Worker\eShop.Ordering.Inquiry.Worker.csproj", "{1340537C-0CB9-48C0-A460-CA2D7137220D}"
EndProject
Project("{9A19103F-16F7-4668-BE54-9A1E7A4F7556}") = "eShop.Ordering.Management.Worker", "Management\Worker\eShop.Ordering.Management.Worker.csproj", "{1B772AFA-C5F8-4D09-98DA-9F79FE8805E6}"
EndProject
Project("{2150E333-8FDC-42A3-9474-1A3956D46DE8}") = "eShop.Inventory", "eShop.Inventory", "{9875770B-4E10-4AE3-B266-8C99D98C81D5}"
EndProject
Project("{2150E333-8FDC-42A3-9474-1A3956D46DE8}") = "Core", "Core", "{DB8AB246-2921-4F27-8B1C-3AFAE9F0D3BD}"
EndProject
Project("{2150E333-8FDC-42A3-9474-1A3956D46DE8}") = "Data", "Data", "{C9FBC9A1-9E4A-4DF6-A89A-FA6682701B5F}"
EndProject
Project("{2150E333-8FDC-42A3-9474-1A3956D46DE8}") = "Management", "Management", "{BC4AD407-7DA1-4B5C-9583-2E2A5896D718}"
EndProject
Project("{9A19103F-16F7-4668-BE54-9A1E7A4F7556}") = "eShop.Inventory.Core", "..\Inventory\Core\eShop.Inventory.Core.csproj", "{27D5B5A6-17D7-4CF6-8222-0CF1FA5C28D3}"
EndProject
Project("{9A19103F-16F7-4668-BE54-9A1E7A4F7556}") = "eShop.Inventory.Data", "..\Inventory\Data\eShop.Inventory.Data.csproj", "{608FED04-3433-4C01-BF19-5C2CB4EF9104}"
EndProject
Project("{9A19103F-16F7-4668-BE54-9A1E7A4F7556}") = "eShop.Inventory.Management.Service", "..\Inventory\Management\Service\eShop.Inventory.Management.Service.csproj", "{CF0F8519-78CB-450E-861E-457E93BB6012}"
EndProject
Project("{9A19103F-16F7-4668-BE54-9A1E7A4F7556}") = "eShop.Inventory.Management.Core", "..\Inventory\Management\Core\eShop.Inventory.Management.Core.csproj", "{F90249D4-E155-4338-9002-86C3A162E5F7}"
EndProject
Project("{9A19103F-16F7-4668-BE54-9A1E7A4F7556}") = "eShop.Inventory.Management.Worker", "..\Inventory\Management\Worker\eShop.Inventory.Management.Worker.csproj", "{9315B560-23DD-420A-9CA6-7BA05D3335AB}"
EndProject
Project("{2150E333-8FDC-42A3-9474-1A3956D46DE8}") = "Database", "Database", "{E9AA5245-C7DC-46D5-A56F-82F6928064DB}"
EndProject
Project("{9A19103F-16F7-4668-BE54-9A1E7A4F7556}") = "eShop.Ordering.Management.Events", "Management\Events\eShop.Ordering.Management.Events.csproj", "{D0C02E98-0DAD-416C-8ED5-4D8BFC03AC7A}"
EndProject
Project("{9A19103F-16F7-4668-BE54-9A1E7A4F7556}") = "eShop.Ordering.Inquiry.StateViews", "Inquiry\StateViews\eShop.Ordering.Inquiry.StateViews.csproj", "{C0558014-8CCB-49D6-A58C-C9D67EFABA0F}"
EndProject
Project("{9A19103F-16F7-4668-BE54-9A1E7A4F7556}") = "eShop.Ordering.Management.Application", "Management\Application\eShop.Ordering.Management.Application.csproj", "{8B04475E-066C-46D9-898F-7375F08FADCB}"
EndProject
Project("{2150E333-8FDC-42A3-9474-1A3956D46DE8}") = "Administration", "Administration", "{E2F82845-EB4F-47F7-952A-B3ACC604D5A2}"
EndProject
Project("{9A19103F-16F7-4668-BE54-9A1E7A4F7556}") = "eShop.Ordering.Administration.Events", "Administration\Events\eShop.Ordering.Administration.Events.csproj", "{4CF7AF09-F9C9-44EE-981A-8C46748CB3C5}"
EndProject
Project("{9A19103F-16F7-4668-BE54-9A1E7A4F7556}") = "eShop.Ordering.Administration.Service", "Administration\Service\eShop.Ordering.Administration.Service.csproj", "{D8661732-93E0-41FC-B0F1-B34D216C3A45}"
EndProject
Project("{9A19103F-16F7-4668-BE54-9A1E7A4F7556}") = "eShop.Ordering.Administration.API", "Administration\API\eShop.Ordering.Administration.API.csproj", "{662DB10C-7D26-4822-B33F-BC8DFF63DFCB}"
EndProject
Project("{9A19103F-16F7-4668-BE54-9A1E7A4F7556}") = "eShop.Ordering.Database.SQL", "Database\SQL\eShop.Ordering.Database.SQL.csproj", "{FBC16C5E-C9C4-4D22-A73E-79DCD4512346}"
EndProject
Project("{9A19103F-16F7-4668-BE54-9A1E7A4F7556}") = "vesa.Blob", "..\..\vesa\Blob\vesa.Blob.csproj", "{513483F1-A44E-4EFC-AFE8-281141CC2D1B}"
EndProject
Project("{9A19103F-16F7-4668-BE54-9A1E7A4F7556}") = "vesa.Core", "..\..\vesa\Core\vesa.Core.csproj", "{5C6B37C5-378F-424E-A3C3-438FD99BED0E}"
EndProject
Project("{9A19103F-16F7-4668-BE54-9A1E7A4F7556}") = "vesa.Cosmos", "..\..\vesa\Cosmos\vesa.Cosmos.csproj", "{05BB4775-A15E-4135-830D-248099BB5C92}"
EndProject
Project("{9A19103F-16F7-4668-BE54-9A1E7A4F7556}") = "vesa.EventHub", "..\..\vesa\EventHub\vesa.EventHub.csproj", "{AF2A340A-EE91-4836-8AB0-E5D82CE060AA}"
EndProject
Project("{9A19103F-16F7-4668-BE54-9A1E7A4F7556}") = "vesa.File", "..\..\vesa\File\vesa.File.csproj", "{F482DAA0-A646-4D5C-8B6B-5C33973E87ED}"
EndProject
Project("{9A19103F-16F7-4668-BE54-9A1E7A4F7556}") = "vesa.Kafka", "..\..\vesa\Kafka\vesa.Kafka.csproj", "{E1016243-F5E5-4F9F-92FE-25E5B45B85D1}"
EndProject
Project("{9A19103F-16F7-4668-BE54-9A1E7A4F7556}") = "vesa.SQL", "..\..\vesa\SQL\vesa.SQL.csproj", "{AC4FF0BB-7E9F-49C4-8FE5-6352B61C5D49}"
EndProject
Global
	GlobalSection(SolutionConfigurationPlatforms) = preSolution
		Debug|Any CPU = Debug|Any CPU
		Release|Any CPU = Release|Any CPU
	EndGlobalSection
	GlobalSection(ProjectConfigurationPlatforms) = postSolution
		{FAB1DC85-5B35-481F-9A9A-3EC35E195013}.Debug|Any CPU.ActiveCfg = Debug|Any CPU
		{FAB1DC85-5B35-481F-9A9A-3EC35E195013}.Debug|Any CPU.Build.0 = Debug|Any CPU
		{FAB1DC85-5B35-481F-9A9A-3EC35E195013}.Release|Any CPU.ActiveCfg = Release|Any CPU
		{FAB1DC85-5B35-481F-9A9A-3EC35E195013}.Release|Any CPU.Build.0 = Release|Any CPU
		{0A1D8AE7-74F8-4966-AEC5-AA1B2833D13F}.Debug|Any CPU.ActiveCfg = Debug|Any CPU
		{0A1D8AE7-74F8-4966-AEC5-AA1B2833D13F}.Debug|Any CPU.Build.0 = Debug|Any CPU
		{0A1D8AE7-74F8-4966-AEC5-AA1B2833D13F}.Release|Any CPU.ActiveCfg = Release|Any CPU
		{0A1D8AE7-74F8-4966-AEC5-AA1B2833D13F}.Release|Any CPU.Build.0 = Release|Any CPU
		{B94F412C-E228-4F36-AD8E-B3B6653A1943}.Debug|Any CPU.ActiveCfg = Debug|Any CPU
		{B94F412C-E228-4F36-AD8E-B3B6653A1943}.Debug|Any CPU.Build.0 = Debug|Any CPU
		{B94F412C-E228-4F36-AD8E-B3B6653A1943}.Release|Any CPU.ActiveCfg = Release|Any CPU
		{B94F412C-E228-4F36-AD8E-B3B6653A1943}.Release|Any CPU.Build.0 = Release|Any CPU
		{E7FBB91D-70B0-47A9-9AC9-7D40DB1128D5}.Debug|Any CPU.ActiveCfg = Debug|Any CPU
		{E7FBB91D-70B0-47A9-9AC9-7D40DB1128D5}.Debug|Any CPU.Build.0 = Debug|Any CPU
		{E7FBB91D-70B0-47A9-9AC9-7D40DB1128D5}.Release|Any CPU.ActiveCfg = Release|Any CPU
		{E7FBB91D-70B0-47A9-9AC9-7D40DB1128D5}.Release|Any CPU.Build.0 = Release|Any CPU
		{17C697E4-E915-4A6E-AB84-D0A24D1F0739}.Debug|Any CPU.ActiveCfg = Debug|Any CPU
		{17C697E4-E915-4A6E-AB84-D0A24D1F0739}.Debug|Any CPU.Build.0 = Debug|Any CPU
		{17C697E4-E915-4A6E-AB84-D0A24D1F0739}.Release|Any CPU.ActiveCfg = Release|Any CPU
		{17C697E4-E915-4A6E-AB84-D0A24D1F0739}.Release|Any CPU.Build.0 = Release|Any CPU
		{1340537C-0CB9-48C0-A460-CA2D7137220D}.Debug|Any CPU.ActiveCfg = Debug|Any CPU
		{1340537C-0CB9-48C0-A460-CA2D7137220D}.Debug|Any CPU.Build.0 = Debug|Any CPU
		{1340537C-0CB9-48C0-A460-CA2D7137220D}.Release|Any CPU.ActiveCfg = Release|Any CPU
		{1340537C-0CB9-48C0-A460-CA2D7137220D}.Release|Any CPU.Build.0 = Release|Any CPU
		{1B772AFA-C5F8-4D09-98DA-9F79FE8805E6}.Debug|Any CPU.ActiveCfg = Debug|Any CPU
		{1B772AFA-C5F8-4D09-98DA-9F79FE8805E6}.Debug|Any CPU.Build.0 = Debug|Any CPU
		{1B772AFA-C5F8-4D09-98DA-9F79FE8805E6}.Release|Any CPU.ActiveCfg = Release|Any CPU
		{1B772AFA-C5F8-4D09-98DA-9F79FE8805E6}.Release|Any CPU.Build.0 = Release|Any CPU
		{27D5B5A6-17D7-4CF6-8222-0CF1FA5C28D3}.Debug|Any CPU.ActiveCfg = Debug|Any CPU
		{27D5B5A6-17D7-4CF6-8222-0CF1FA5C28D3}.Debug|Any CPU.Build.0 = Debug|Any CPU
		{27D5B5A6-17D7-4CF6-8222-0CF1FA5C28D3}.Release|Any CPU.ActiveCfg = Release|Any CPU
		{27D5B5A6-17D7-4CF6-8222-0CF1FA5C28D3}.Release|Any CPU.Build.0 = Release|Any CPU
		{608FED04-3433-4C01-BF19-5C2CB4EF9104}.Debug|Any CPU.ActiveCfg = Debug|Any CPU
		{608FED04-3433-4C01-BF19-5C2CB4EF9104}.Debug|Any CPU.Build.0 = Debug|Any CPU
		{608FED04-3433-4C01-BF19-5C2CB4EF9104}.Release|Any CPU.ActiveCfg = Release|Any CPU
		{608FED04-3433-4C01-BF19-5C2CB4EF9104}.Release|Any CPU.Build.0 = Release|Any CPU
		{CF0F8519-78CB-450E-861E-457E93BB6012}.Debug|Any CPU.ActiveCfg = Debug|Any CPU
		{CF0F8519-78CB-450E-861E-457E93BB6012}.Debug|Any CPU.Build.0 = Debug|Any CPU
		{CF0F8519-78CB-450E-861E-457E93BB6012}.Release|Any CPU.ActiveCfg = Release|Any CPU
		{CF0F8519-78CB-450E-861E-457E93BB6012}.Release|Any CPU.Build.0 = Release|Any CPU
		{F90249D4-E155-4338-9002-86C3A162E5F7}.Debug|Any CPU.ActiveCfg = Debug|Any CPU
		{F90249D4-E155-4338-9002-86C3A162E5F7}.Debug|Any CPU.Build.0 = Debug|Any CPU
		{F90249D4-E155-4338-9002-86C3A162E5F7}.Release|Any CPU.ActiveCfg = Release|Any CPU
		{F90249D4-E155-4338-9002-86C3A162E5F7}.Release|Any CPU.Build.0 = Release|Any CPU
		{9315B560-23DD-420A-9CA6-7BA05D3335AB}.Debug|Any CPU.ActiveCfg = Debug|Any CPU
		{9315B560-23DD-420A-9CA6-7BA05D3335AB}.Debug|Any CPU.Build.0 = Debug|Any CPU
		{9315B560-23DD-420A-9CA6-7BA05D3335AB}.Release|Any CPU.ActiveCfg = Release|Any CPU
		{9315B560-23DD-420A-9CA6-7BA05D3335AB}.Release|Any CPU.Build.0 = Release|Any CPU
		{D0C02E98-0DAD-416C-8ED5-4D8BFC03AC7A}.Debug|Any CPU.ActiveCfg = Debug|Any CPU
		{D0C02E98-0DAD-416C-8ED5-4D8BFC03AC7A}.Debug|Any CPU.Build.0 = Debug|Any CPU
		{D0C02E98-0DAD-416C-8ED5-4D8BFC03AC7A}.Release|Any CPU.ActiveCfg = Release|Any CPU
		{D0C02E98-0DAD-416C-8ED5-4D8BFC03AC7A}.Release|Any CPU.Build.0 = Release|Any CPU
		{C0558014-8CCB-49D6-A58C-C9D67EFABA0F}.Debug|Any CPU.ActiveCfg = Debug|Any CPU
		{C0558014-8CCB-49D6-A58C-C9D67EFABA0F}.Debug|Any CPU.Build.0 = Debug|Any CPU
		{C0558014-8CCB-49D6-A58C-C9D67EFABA0F}.Release|Any CPU.ActiveCfg = Release|Any CPU
		{C0558014-8CCB-49D6-A58C-C9D67EFABA0F}.Release|Any CPU.Build.0 = Release|Any CPU
		{8B04475E-066C-46D9-898F-7375F08FADCB}.Debug|Any CPU.ActiveCfg = Debug|Any CPU
		{8B04475E-066C-46D9-898F-7375F08FADCB}.Debug|Any CPU.Build.0 = Debug|Any CPU
		{8B04475E-066C-46D9-898F-7375F08FADCB}.Release|Any CPU.ActiveCfg = Release|Any CPU
		{8B04475E-066C-46D9-898F-7375F08FADCB}.Release|Any CPU.Build.0 = Release|Any CPU
		{4CF7AF09-F9C9-44EE-981A-8C46748CB3C5}.Debug|Any CPU.ActiveCfg = Debug|Any CPU
		{4CF7AF09-F9C9-44EE-981A-8C46748CB3C5}.Debug|Any CPU.Build.0 = Debug|Any CPU
		{4CF7AF09-F9C9-44EE-981A-8C46748CB3C5}.Release|Any CPU.ActiveCfg = Release|Any CPU
		{4CF7AF09-F9C9-44EE-981A-8C46748CB3C5}.Release|Any CPU.Build.0 = Release|Any CPU
		{D8661732-93E0-41FC-B0F1-B34D216C3A45}.Debug|Any CPU.ActiveCfg = Debug|Any CPU
		{D8661732-93E0-41FC-B0F1-B34D216C3A45}.Debug|Any CPU.Build.0 = Debug|Any CPU
		{D8661732-93E0-41FC-B0F1-B34D216C3A45}.Release|Any CPU.ActiveCfg = Release|Any CPU
		{D8661732-93E0-41FC-B0F1-B34D216C3A45}.Release|Any CPU.Build.0 = Release|Any CPU
		{662DB10C-7D26-4822-B33F-BC8DFF63DFCB}.Debug|Any CPU.ActiveCfg = Debug|Any CPU
		{662DB10C-7D26-4822-B33F-BC8DFF63DFCB}.Debug|Any CPU.Build.0 = Debug|Any CPU
		{662DB10C-7D26-4822-B33F-BC8DFF63DFCB}.Release|Any CPU.ActiveCfg = Release|Any CPU
		{662DB10C-7D26-4822-B33F-BC8DFF63DFCB}.Release|Any CPU.Build.0 = Release|Any CPU
		{FBC16C5E-C9C4-4D22-A73E-79DCD4512346}.Debug|Any CPU.ActiveCfg = Debug|Any CPU
		{FBC16C5E-C9C4-4D22-A73E-79DCD4512346}.Debug|Any CPU.Build.0 = Debug|Any CPU
		{FBC16C5E-C9C4-4D22-A73E-79DCD4512346}.Release|Any CPU.ActiveCfg = Release|Any CPU
		{FBC16C5E-C9C4-4D22-A73E-79DCD4512346}.Release|Any CPU.Build.0 = Release|Any CPU
		{513483F1-A44E-4EFC-AFE8-281141CC2D1B}.Debug|Any CPU.ActiveCfg = Debug|Any CPU
		{513483F1-A44E-4EFC-AFE8-281141CC2D1B}.Debug|Any CPU.Build.0 = Debug|Any CPU
		{513483F1-A44E-4EFC-AFE8-281141CC2D1B}.Release|Any CPU.ActiveCfg = Release|Any CPU
		{513483F1-A44E-4EFC-AFE8-281141CC2D1B}.Release|Any CPU.Build.0 = Release|Any CPU
		{5C6B37C5-378F-424E-A3C3-438FD99BED0E}.Debug|Any CPU.ActiveCfg = Debug|Any CPU
		{5C6B37C5-378F-424E-A3C3-438FD99BED0E}.Debug|Any CPU.Build.0 = Debug|Any CPU
		{5C6B37C5-378F-424E-A3C3-438FD99BED0E}.Release|Any CPU.ActiveCfg = Release|Any CPU
		{5C6B37C5-378F-424E-A3C3-438FD99BED0E}.Release|Any CPU.Build.0 = Release|Any CPU
		{05BB4775-A15E-4135-830D-248099BB5C92}.Debug|Any CPU.ActiveCfg = Debug|Any CPU
		{05BB4775-A15E-4135-830D-248099BB5C92}.Debug|Any CPU.Build.0 = Debug|Any CPU
		{05BB4775-A15E-4135-830D-248099BB5C92}.Release|Any CPU.ActiveCfg = Release|Any CPU
		{05BB4775-A15E-4135-830D-248099BB5C92}.Release|Any CPU.Build.0 = Release|Any CPU
		{AF2A340A-EE91-4836-8AB0-E5D82CE060AA}.Debug|Any CPU.ActiveCfg = Debug|Any CPU
		{AF2A340A-EE91-4836-8AB0-E5D82CE060AA}.Debug|Any CPU.Build.0 = Debug|Any CPU
		{AF2A340A-EE91-4836-8AB0-E5D82CE060AA}.Release|Any CPU.ActiveCfg = Release|Any CPU
		{AF2A340A-EE91-4836-8AB0-E5D82CE060AA}.Release|Any CPU.Build.0 = Release|Any CPU
		{F482DAA0-A646-4D5C-8B6B-5C33973E87ED}.Debug|Any CPU.ActiveCfg = Debug|Any CPU
		{F482DAA0-A646-4D5C-8B6B-5C33973E87ED}.Debug|Any CPU.Build.0 = Debug|Any CPU
		{F482DAA0-A646-4D5C-8B6B-5C33973E87ED}.Release|Any CPU.ActiveCfg = Release|Any CPU
		{F482DAA0-A646-4D5C-8B6B-5C33973E87ED}.Release|Any CPU.Build.0 = Release|Any CPU
		{E1016243-F5E5-4F9F-92FE-25E5B45B85D1}.Debug|Any CPU.ActiveCfg = Debug|Any CPU
		{E1016243-F5E5-4F9F-92FE-25E5B45B85D1}.Debug|Any CPU.Build.0 = Debug|Any CPU
		{E1016243-F5E5-4F9F-92FE-25E5B45B85D1}.Release|Any CPU.ActiveCfg = Release|Any CPU
		{E1016243-F5E5-4F9F-92FE-25E5B45B85D1}.Release|Any CPU.Build.0 = Release|Any CPU
		{AC4FF0BB-7E9F-49C4-8FE5-6352B61C5D49}.Debug|Any CPU.ActiveCfg = Debug|Any CPU
		{AC4FF0BB-7E9F-49C4-8FE5-6352B61C5D49}.Debug|Any CPU.Build.0 = Debug|Any CPU
		{AC4FF0BB-7E9F-49C4-8FE5-6352B61C5D49}.Release|Any CPU.ActiveCfg = Release|Any CPU
		{AC4FF0BB-7E9F-49C4-8FE5-6352B61C5D49}.Release|Any CPU.Build.0 = Release|Any CPU
	EndGlobalSection
	GlobalSection(SolutionProperties) = preSolution
		HideSolutionNode = FALSE
	EndGlobalSection
	GlobalSection(NestedProjects) = preSolution
		{A0A3951B-C220-4A4C-BB3A-EA3B4AB41309} = {FBC8D3D6-A776-4D75-81D6-7A29BD36F075}
		{E96B994B-2E31-455D-A31C-22776846646A} = {FBC8D3D6-A776-4D75-81D6-7A29BD36F075}
		{A0BC7E02-DA59-48C8-A285-DD44B7448A72} = {FBC8D3D6-A776-4D75-81D6-7A29BD36F075}
		{FAB1DC85-5B35-481F-9A9A-3EC35E195013} = {A0A3951B-C220-4A4C-BB3A-EA3B4AB41309}
		{0A1D8AE7-74F8-4966-AEC5-AA1B2833D13F} = {A0BC7E02-DA59-48C8-A285-DD44B7448A72}
		{B94F412C-E228-4F36-AD8E-B3B6653A1943} = {E96B994B-2E31-455D-A31C-22776846646A}
		{E7FBB91D-70B0-47A9-9AC9-7D40DB1128D5} = {E96B994B-2E31-455D-A31C-22776846646A}
		{17C697E4-E915-4A6E-AB84-D0A24D1F0739} = {A0A3951B-C220-4A4C-BB3A-EA3B4AB41309}
		{1340537C-0CB9-48C0-A460-CA2D7137220D} = {A0A3951B-C220-4A4C-BB3A-EA3B4AB41309}
		{1B772AFA-C5F8-4D09-98DA-9F79FE8805E6} = {E96B994B-2E31-455D-A31C-22776846646A}
		{DB8AB246-2921-4F27-8B1C-3AFAE9F0D3BD} = {9875770B-4E10-4AE3-B266-8C99D98C81D5}
		{C9FBC9A1-9E4A-4DF6-A89A-FA6682701B5F} = {9875770B-4E10-4AE3-B266-8C99D98C81D5}
		{BC4AD407-7DA1-4B5C-9583-2E2A5896D718} = {9875770B-4E10-4AE3-B266-8C99D98C81D5}
		{27D5B5A6-17D7-4CF6-8222-0CF1FA5C28D3} = {DB8AB246-2921-4F27-8B1C-3AFAE9F0D3BD}
		{608FED04-3433-4C01-BF19-5C2CB4EF9104} = {C9FBC9A1-9E4A-4DF6-A89A-FA6682701B5F}
		{CF0F8519-78CB-450E-861E-457E93BB6012} = {BC4AD407-7DA1-4B5C-9583-2E2A5896D718}
		{F90249D4-E155-4338-9002-86C3A162E5F7} = {BC4AD407-7DA1-4B5C-9583-2E2A5896D718}
		{9315B560-23DD-420A-9CA6-7BA05D3335AB} = {BC4AD407-7DA1-4B5C-9583-2E2A5896D718}
		{E9AA5245-C7DC-46D5-A56F-82F6928064DB} = {FBC8D3D6-A776-4D75-81D6-7A29BD36F075}
		{D0C02E98-0DAD-416C-8ED5-4D8BFC03AC7A} = {E96B994B-2E31-455D-A31C-22776846646A}
		{C0558014-8CCB-49D6-A58C-C9D67EFABA0F} = {A0A3951B-C220-4A4C-BB3A-EA3B4AB41309}
		{8B04475E-066C-46D9-898F-7375F08FADCB} = {E96B994B-2E31-455D-A31C-22776846646A}
		{E2F82845-EB4F-47F7-952A-B3ACC604D5A2} = {FBC8D3D6-A776-4D75-81D6-7A29BD36F075}
		{4CF7AF09-F9C9-44EE-981A-8C46748CB3C5} = {E2F82845-EB4F-47F7-952A-B3ACC604D5A2}
		{D8661732-93E0-41FC-B0F1-B34D216C3A45} = {E2F82845-EB4F-47F7-952A-B3ACC604D5A2}
		{662DB10C-7D26-4822-B33F-BC8DFF63DFCB} = {E2F82845-EB4F-47F7-952A-B3ACC604D5A2}
		{FBC16C5E-C9C4-4D22-A73E-79DCD4512346} = {E9AA5245-C7DC-46D5-A56F-82F6928064DB}
		{513483F1-A44E-4EFC-AFE8-281141CC2D1B} = {2D9B489F-08CF-4B00-A125-FA4F75EEC7E6}
		{5C6B37C5-378F-424E-A3C3-438FD99BED0E} = {2D9B489F-08CF-4B00-A125-FA4F75EEC7E6}
		{05BB4775-A15E-4135-830D-248099BB5C92} = {2D9B489F-08CF-4B00-A125-FA4F75EEC7E6}
		{AF2A340A-EE91-4836-8AB0-E5D82CE060AA} = {2D9B489F-08CF-4B00-A125-FA4F75EEC7E6}
		{F482DAA0-A646-4D5C-8B6B-5C33973E87ED} = {2D9B489F-08CF-4B00-A125-FA4F75EEC7E6}
		{E1016243-F5E5-4F9F-92FE-25E5B45B85D1} = {2D9B489F-08CF-4B00-A125-FA4F75EEC7E6}
		{AC4FF0BB-7E9F-49C4-8FE5-6352B61C5D49} = {2D9B489F-08CF-4B00-A125-FA4F75EEC7E6}
	EndGlobalSection
	GlobalSection(ExtensibilityGlobals) = postSolution
		SolutionGuid = {F80A63BE-80DB-44B1-B9A7-4931E27C12F0}
	EndGlobalSection
EndGlobal
